
Microsoft Visual Studio Solution File, Format Version 12.00
# Visual Studio Version 17
VisualStudioVersion = 17.6.33801.468
MinimumVisualStudioVersion = 10.0.40219.1
Project("{FAE04EC0-301F-11D3-BF4B-00C04F79EFBC}") = "MoodAnalyser", "ModeAnalyser\MoodAnalyser.csproj", "{89E187C3-E82C-4723-AFFC-BD8344CB4EDD}"
EndProject
Project("{FAE04EC0-301F-11D3-BF4B-00C04F79EFBC}") = "MoodAnalyserTestProject", "MoodAnalyserTestProject\MoodAnalyserTestProject.csproj", "{79293F8C-E33F-493A-8B59-8BFF02A46B94}"
EndProject
Global
	GlobalSection(SolutionConfigurationPlatforms) = preSolution
		Debug|Any CPU = Debug|Any CPU
		Release|Any CPU = Release|Any CPU
	EndGlobalSection
	GlobalSection(ProjectConfigurationPlatforms) = postSolution
		{89E187C3-E82C-4723-AFFC-BD8344CB4EDD}.Debug|Any CPU.ActiveCfg = Debug|Any CPU
		{89E187C3-E82C-4723-AFFC-BD8344CB4EDD}.Debug|Any CPU.Build.0 = Debug|Any CPU
		{89E187C3-E82C-4723-AFFC-BD8344CB4EDD}.Release|Any CPU.ActiveCfg = Release|Any CPU
		{89E187C3-E82C-4723-AFFC-BD8344CB4EDD}.Release|Any CPU.Build.0 = Release|Any CPU
		{79293F8C-E33F-493A-8B59-8BFF02A46B94}.Debug|Any CPU.ActiveCfg = Debug|Any CPU
		{79293F8C-E33F-493A-8B59-8BFF02A46B94}.Debug|Any CPU.Build.0 = Debug|Any CPU
		{79293F8C-E33F-493A-8B59-8BFF02A46B94}.Release|Any CPU.ActiveCfg = Release|Any CPU
		{79293F8C-E33F-493A-8B59-8BFF02A46B94}.Release|Any CPU.Build.0 = Release|Any CPU
	EndGlobalSection
	GlobalSection(SolutionProperties) = preSolution
		HideSolutionNode = FALSE
	EndGlobalSection
	GlobalSection(ExtensibilityGlobals) = postSolution
		SolutionGuid = {E168AD03-399D-4883-9357-F8725F5558B6}
	EndGlobalSection
EndGlobal
